
Microsoft Visual Studio Solution File, Format Version 12.00
# Visual Studio Version 17
VisualStudioVersion = 17.2.32516.85
MinimumVisualStudioVersion = 10.0.40219.1
Project("{FAE04EC0-301F-11D3-BF4B-00C04F79EFBC}") = "LinqTest", "LinqTest\LinqTest.csproj", "{A9A1AE0C-5B1A-4F99-80CE-A17AB83F720D}"
EndProject
Global
	GlobalSection(SolutionConfigurationPlatforms) = preSolution
		Debug|Any CPU = Debug|Any CPU
		Release|Any CPU = Release|Any CPU
	EndGlobalSection
	GlobalSection(ProjectConfigurationPlatforms) = postSolution
		{A9A1AE0C-5B1A-4F99-80CE-A17AB83F720D}.Debug|Any CPU.ActiveCfg = Debug|Any CPU
		{A9A1AE0C-5B1A-4F99-80CE-A17AB83F720D}.Debug|Any CPU.Build.0 = Debug|Any CPU
		{A9A1AE0C-5B1A-4F99-80CE-A17AB83F720D}.Release|Any CPU.ActiveCfg = Release|Any CPU
		{A9A1AE0C-5B1A-4F99-80CE-A17AB83F720D}.Release|Any CPU.Build.0 = Release|Any CPU
	EndGlobalSection
	GlobalSection(SolutionProperties) = preSolution
		HideSolutionNode = FALSE
	EndGlobalSection
	GlobalSection(ExtensibilityGlobals) = postSolution
		SolutionGuid = {1D342853-8C30-4D15-BD81-76A79962F690}
	EndGlobalSection
EndGlobal
